
Microsoft Visual Studio Solution File, Format Version 12.00
# Visual Studio Version 17
VisualStudioVersion = 17.10.34916.146
MinimumVisualStudioVersion = 10.0.40219.1
Project("{FAE04EC0-301F-11D3-BF4B-00C04F79EFBC}") = "Homework_1", "Homework_1\Homework_1.csproj", "{501A3C83-1699-4F5F-9B4E-FA98918450B5}"
EndProject
Global
	GlobalSection(SolutionConfigurationPlatforms) = preSolution
		Debug|Any CPU = Debug|Any CPU
		Release|Any CPU = Release|Any CPU
	EndGlobalSection
	GlobalSection(ProjectConfigurationPlatforms) = postSolution
		{501A3C83-1699-4F5F-9B4E-FA98918450B5}.Debug|Any CPU.ActiveCfg = Debug|Any CPU
		{501A3C83-1699-4F5F-9B4E-FA98918450B5}.Debug|Any CPU.Build.0 = Debug|Any CPU
		{501A3C83-1699-4F5F-9B4E-FA98918450B5}.Release|Any CPU.ActiveCfg = Release|Any CPU
		{501A3C83-1699-4F5F-9B4E-FA98918450B5}.Release|Any CPU.Build.0 = Release|Any CPU
	EndGlobalSection
	GlobalSection(SolutionProperties) = preSolution
		HideSolutionNode = FALSE
	EndGlobalSection
	GlobalSection(ExtensibilityGlobals) = postSolution
		SolutionGuid = {5E0D01BF-3190-46E8-AF8D-7AD155BFF8A9}
	EndGlobalSection
EndGlobal
